
Microsoft Visual Studio Solution File, Format Version 12.00
# Visual Studio Version 16
VisualStudioVersion = 16.0.30204.135
MinimumVisualStudioVersion = 10.0.40219.1
Project("{FAE04EC0-301F-11D3-BF4B-00C04F79EFBC}") = "GarbageCollectorHomeWork", "GarbageCollectorHomeWork\GarbageCollectorHomeWork.csproj", "{1BBC95EA-A55C-4642-84E5-BE09A7B1E029}"
EndProject
Global
	GlobalSection(SolutionConfigurationPlatforms) = preSolution
		Debug|Any CPU = Debug|Any CPU
		Release|Any CPU = Release|Any CPU
	EndGlobalSection
	GlobalSection(ProjectConfigurationPlatforms) = postSolution
		{1BBC95EA-A55C-4642-84E5-BE09A7B1E029}.Debug|Any CPU.ActiveCfg = Debug|Any CPU
		{1BBC95EA-A55C-4642-84E5-BE09A7B1E029}.Debug|Any CPU.Build.0 = Debug|Any CPU
		{1BBC95EA-A55C-4642-84E5-BE09A7B1E029}.Release|Any CPU.ActiveCfg = Release|Any CPU
		{1BBC95EA-A55C-4642-84E5-BE09A7B1E029}.Release|Any CPU.Build.0 = Release|Any CPU
	EndGlobalSection
	GlobalSection(SolutionProperties) = preSolution
		HideSolutionNode = FALSE
	EndGlobalSection
	GlobalSection(ExtensibilityGlobals) = postSolution
		SolutionGuid = {262CC64A-DEB3-457C-B5A8-F66AE5B94508}
	EndGlobalSection
EndGlobal
